
Microsoft Visual Studio Solution File, Format Version 12.00
# Visual Studio Version 17
VisualStudioVersion = 17.12.35506.116
MinimumVisualStudioVersion = 10.0.40219.1
Project("{FAE04EC0-301F-11D3-BF4B-00C04F79EFBC}") = "Tools", "Tools\Tools.csproj", "{4DAFDEE8-47CE-410F-B3E7-BD4D22B8475A}"
EndProject
Project("{FAE04EC0-301F-11D3-BF4B-00C04F79EFBC}") = "Day01_1", "Day01_1\Day01_1\Day01_1.csproj", "{33A37918-9123-4A90-BD14-96125C277F40}"
EndProject
Project("{FAE04EC0-301F-11D3-BF4B-00C04F79EFBC}") = "Day02_1", "Day02_1\Day02_1.csproj", "{7D35426A-A7C5-4AC3-86B6-C5EAFF30B363}"
EndProject
Project("{FAE04EC0-301F-11D3-BF4B-00C04F79EFBC}") = "Day02_2", "Day02_2\Day02_2.csproj", "{C30F3CD5-571D-4D8D-A51C-BD3105CCF196}"
EndProject
Project("{FAE04EC0-301F-11D3-BF4B-00C04F79EFBC}") = "Day03_01", "Day03_01\Day03_01.csproj", "{6A0E963B-95B9-4271-84F9-CEB2954391FC}"
EndProject
Project("{FAE04EC0-301F-11D3-BF4B-00C04F79EFBC}") = "Day03_2", "Day03_2\Day03_2.csproj", "{7EF99307-E431-40AA-828D-25EFA208DA36}"
EndProject
Project("{FAE04EC0-301F-11D3-BF4B-00C04F79EFBC}") = "Day04_1", "Day04_1\Day04_1.csproj", "{FD14566B-F575-46FF-B28B-6BA9EFEE7E19}"
EndProject
Project("{FAE04EC0-301F-11D3-BF4B-00C04F79EFBC}") = "Day05_1", "Day05_1\Day05_1.csproj", "{5454E383-888B-4377-BD59-10EA89E545AF}"
EndProject
Project("{FAE04EC0-301F-11D3-BF4B-00C04F79EFBC}") = "Day04_2", "Day04_2\Day04_2.csproj", "{4D4245BC-810F-4908-B488-34884D62CFA7}"
EndProject
Project("{FAE04EC0-301F-11D3-BF4B-00C04F79EFBC}") = "Day05_2", "Day05_2\Day05_2.csproj", "{8B95FD93-2B61-416E-BE64-80B4B497B373}"
EndProject
Project("{FAE04EC0-301F-11D3-BF4B-00C04F79EFBC}") = "Day06_1", "Day06_1\Day06_1.csproj", "{27BADD65-719A-4D98-8F2D-854166429162}"
EndProject
Project("{FAE04EC0-301F-11D3-BF4B-00C04F79EFBC}") = "Day25_01", "Day25_01\Day25_01.csproj", "{D3284887-1838-49C6-BDC8-E25C3A078C3B}"
EndProject
Project("{FAE04EC0-301F-11D3-BF4B-00C04F79EFBC}") = "Day06_2", "Day06_2\Day06_2.csproj", "{C8E7C37E-D606-4397-B335-A1414F5BE775}"
EndProject
Project("{FAE04EC0-301F-11D3-BF4B-00C04F79EFBC}") = "Day07_1", "Day07_1\Day07_1.csproj", "{9A43B6BF-B4C2-4A1B-A336-F125244F0D1A}"
EndProject
Project("{FAE04EC0-301F-11D3-BF4B-00C04F79EFBC}") = "Day07_2", "Day07_2\Day07_2.csproj", "{68A8C248-5376-4556-83C9-E9F421CFD5ED}"
EndProject
Global
	GlobalSection(SolutionConfigurationPlatforms) = preSolution
		Debug|Any CPU = Debug|Any CPU
		Release|Any CPU = Release|Any CPU
	EndGlobalSection
	GlobalSection(ProjectConfigurationPlatforms) = postSolution
		{4DAFDEE8-47CE-410F-B3E7-BD4D22B8475A}.Debug|Any CPU.ActiveCfg = Debug|Any CPU
		{4DAFDEE8-47CE-410F-B3E7-BD4D22B8475A}.Debug|Any CPU.Build.0 = Debug|Any CPU
		{4DAFDEE8-47CE-410F-B3E7-BD4D22B8475A}.Release|Any CPU.ActiveCfg = Release|Any CPU
		{4DAFDEE8-47CE-410F-B3E7-BD4D22B8475A}.Release|Any CPU.Build.0 = Release|Any CPU
		{33A37918-9123-4A90-BD14-96125C277F40}.Debug|Any CPU.ActiveCfg = Debug|Any CPU
		{33A37918-9123-4A90-BD14-96125C277F40}.Debug|Any CPU.Build.0 = Debug|Any CPU
		{33A37918-9123-4A90-BD14-96125C277F40}.Release|Any CPU.ActiveCfg = Release|Any CPU
		{33A37918-9123-4A90-BD14-96125C277F40}.Release|Any CPU.Build.0 = Release|Any CPU
		{7D35426A-A7C5-4AC3-86B6-C5EAFF30B363}.Debug|Any CPU.ActiveCfg = Debug|Any CPU
		{7D35426A-A7C5-4AC3-86B6-C5EAFF30B363}.Debug|Any CPU.Build.0 = Debug|Any CPU
		{7D35426A-A7C5-4AC3-86B6-C5EAFF30B363}.Release|Any CPU.ActiveCfg = Release|Any CPU
		{7D35426A-A7C5-4AC3-86B6-C5EAFF30B363}.Release|Any CPU.Build.0 = Release|Any CPU
		{C30F3CD5-571D-4D8D-A51C-BD3105CCF196}.Debug|Any CPU.ActiveCfg = Debug|Any CPU
		{C30F3CD5-571D-4D8D-A51C-BD3105CCF196}.Debug|Any CPU.Build.0 = Debug|Any CPU
		{C30F3CD5-571D-4D8D-A51C-BD3105CCF196}.Release|Any CPU.ActiveCfg = Release|Any CPU
		{C30F3CD5-571D-4D8D-A51C-BD3105CCF196}.Release|Any CPU.Build.0 = Release|Any CPU
		{6A0E963B-95B9-4271-84F9-CEB2954391FC}.Debug|Any CPU.ActiveCfg = Debug|Any CPU
		{6A0E963B-95B9-4271-84F9-CEB2954391FC}.Debug|Any CPU.Build.0 = Debug|Any CPU
		{6A0E963B-95B9-4271-84F9-CEB2954391FC}.Release|Any CPU.ActiveCfg = Release|Any CPU
		{6A0E963B-95B9-4271-84F9-CEB2954391FC}.Release|Any CPU.Build.0 = Release|Any CPU
		{7EF99307-E431-40AA-828D-25EFA208DA36}.Debug|Any CPU.ActiveCfg = Debug|Any CPU
		{7EF99307-E431-40AA-828D-25EFA208DA36}.Debug|Any CPU.Build.0 = Debug|Any CPU
		{7EF99307-E431-40AA-828D-25EFA208DA36}.Release|Any CPU.ActiveCfg = Release|Any CPU
		{7EF99307-E431-40AA-828D-25EFA208DA36}.Release|Any CPU.Build.0 = Release|Any CPU
		{FD14566B-F575-46FF-B28B-6BA9EFEE7E19}.Debug|Any CPU.ActiveCfg = Debug|Any CPU
		{FD14566B-F575-46FF-B28B-6BA9EFEE7E19}.Debug|Any CPU.Build.0 = Debug|Any CPU
		{FD14566B-F575-46FF-B28B-6BA9EFEE7E19}.Release|Any CPU.ActiveCfg = Release|Any CPU
		{FD14566B-F575-46FF-B28B-6BA9EFEE7E19}.Release|Any CPU.Build.0 = Release|Any CPU
		{5454E383-888B-4377-BD59-10EA89E545AF}.Debug|Any CPU.ActiveCfg = Debug|Any CPU
		{5454E383-888B-4377-BD59-10EA89E545AF}.Debug|Any CPU.Build.0 = Debug|Any CPU
		{5454E383-888B-4377-BD59-10EA89E545AF}.Release|Any CPU.ActiveCfg = Release|Any CPU
		{5454E383-888B-4377-BD59-10EA89E545AF}.Release|Any CPU.Build.0 = Release|Any CPU
		{4D4245BC-810F-4908-B488-34884D62CFA7}.Debug|Any CPU.ActiveCfg = Debug|Any CPU
		{4D4245BC-810F-4908-B488-34884D62CFA7}.Debug|Any CPU.Build.0 = Debug|Any CPU
		{4D4245BC-810F-4908-B488-34884D62CFA7}.Release|Any CPU.ActiveCfg = Release|Any CPU
		{4D4245BC-810F-4908-B488-34884D62CFA7}.Release|Any CPU.Build.0 = Release|Any CPU
		{8B95FD93-2B61-416E-BE64-80B4B497B373}.Debug|Any CPU.ActiveCfg = Debug|Any CPU
		{8B95FD93-2B61-416E-BE64-80B4B497B373}.Debug|Any CPU.Build.0 = Debug|Any CPU
		{8B95FD93-2B61-416E-BE64-80B4B497B373}.Release|Any CPU.ActiveCfg = Release|Any CPU
		{8B95FD93-2B61-416E-BE64-80B4B497B373}.Release|Any CPU.Build.0 = Release|Any CPU
		{27BADD65-719A-4D98-8F2D-854166429162}.Debug|Any CPU.ActiveCfg = Debug|Any CPU
		{27BADD65-719A-4D98-8F2D-854166429162}.Debug|Any CPU.Build.0 = Debug|Any CPU
		{27BADD65-719A-4D98-8F2D-854166429162}.Release|Any CPU.ActiveCfg = Release|Any CPU
		{27BADD65-719A-4D98-8F2D-854166429162}.Release|Any CPU.Build.0 = Release|Any CPU
		{D3284887-1838-49C6-BDC8-E25C3A078C3B}.Debug|Any CPU.ActiveCfg = Debug|Any CPU
		{D3284887-1838-49C6-BDC8-E25C3A078C3B}.Debug|Any CPU.Build.0 = Debug|Any CPU
		{D3284887-1838-49C6-BDC8-E25C3A078C3B}.Release|Any CPU.ActiveCfg = Release|Any CPU
		{D3284887-1838-49C6-BDC8-E25C3A078C3B}.Release|Any CPU.Build.0 = Release|Any CPU
		{C8E7C37E-D606-4397-B335-A1414F5BE775}.Debug|Any CPU.ActiveCfg = Debug|Any CPU
		{C8E7C37E-D606-4397-B335-A1414F5BE775}.Debug|Any CPU.Build.0 = Debug|Any CPU
		{C8E7C37E-D606-4397-B335-A1414F5BE775}.Release|Any CPU.ActiveCfg = Release|Any CPU
		{C8E7C37E-D606-4397-B335-A1414F5BE775}.Release|Any CPU.Build.0 = Release|Any CPU
		{9A43B6BF-B4C2-4A1B-A336-F125244F0D1A}.Debug|Any CPU.ActiveCfg = Debug|Any CPU
		{9A43B6BF-B4C2-4A1B-A336-F125244F0D1A}.Debug|Any CPU.Build.0 = Debug|Any CPU
		{9A43B6BF-B4C2-4A1B-A336-F125244F0D1A}.Release|Any CPU.ActiveCfg = Release|Any CPU
		{9A43B6BF-B4C2-4A1B-A336-F125244F0D1A}.Release|Any CPU.Build.0 = Release|Any CPU
		{68A8C248-5376-4556-83C9-E9F421CFD5ED}.Debug|Any CPU.ActiveCfg = Debug|Any CPU
		{68A8C248-5376-4556-83C9-E9F421CFD5ED}.Debug|Any CPU.Build.0 = Debug|Any CPU
		{68A8C248-5376-4556-83C9-E9F421CFD5ED}.Release|Any CPU.ActiveCfg = Release|Any CPU
		{68A8C248-5376-4556-83C9-E9F421CFD5ED}.Release|Any CPU.Build.0 = Release|Any CPU
	EndGlobalSection
	GlobalSection(SolutionProperties) = preSolution
		HideSolutionNode = FALSE
	EndGlobalSection
EndGlobal
